
Microsoft Visual Studio Solution File, Format Version 12.00
# Visual Studio Version 17
VisualStudioVersion = 17.14.36202.13
MinimumVisualStudioVersion = 10.0.40219.1
Project("{FAE04EC0-301F-11D3-BF4B-00C04F79EFBC}") = "KoolChanger", "KoolChanger\KoolChanger.csproj", "{433BAF46-0EAC-400E-A13F-6BE593B5A7EC}"
EndProject
Project("{FAE04EC0-301F-11D3-BF4B-00C04F79EFBC}") = "KoolChanger.Backend", "KoolChanger.Backend\KoolChanger.Backend.csproj", "{CC92998F-2CD6-3DF7-B112-A0C55C184724}"
EndProject
Project("{FAE04EC0-301F-11D3-BF4B-00C04F79EFBC}") = "KoolChanger.Client", "KoolChanger.Client\KoolChanger.Client.csproj", "{7569731D-26EB-3F9A-0939-50D11962EC93}"
EndProject
Project("{FAE04EC0-301F-11D3-BF4B-00C04F79EFBC}") = "LCUSharp", "lcu-sharp\LCUSharp\LCUSharp.csproj", "{14872307-EEC7-54FC-9FBA-A6D28F1E96E6}"
EndProject
Project("{2150E333-8FDC-42A3-9474-1A3956D46DE8}") = "Элементы решения", "Элементы решения", "{754FC069-D67B-A9D7-50A1-8D1CA196D8F1}"
	ProjectSection(SolutionItems) = preProject
		README.md = README.md
	EndProjectSection
EndProject
Project("{FAE04EC0-301F-11D3-BF4B-00C04F79EFBC}") = "KoolChanger.ClientMvvm", "KoolChanger.ClientMvvm\KoolChanger.ClientMvvm.csproj", "{9668522D-2F37-4D40-BCB9-9056B8CF9FC3}"
	ProjectSection(ProjectDependencies) = postProject
		{433BAF46-0EAC-400E-A13F-6BE593B5A7EC} = {433BAF46-0EAC-400E-A13F-6BE593B5A7EC}
	EndProjectSection
EndProject
Global
	GlobalSection(SolutionConfigurationPlatforms) = preSolution
		Debug|Any CPU = Debug|Any CPU
		Debug|x64 = Debug|x64
		Debug|x86 = Debug|x86
		Release|Any CPU = Release|Any CPU
		Release|x64 = Release|x64
		Release|x86 = Release|x86
	EndGlobalSection
	GlobalSection(ProjectConfigurationPlatforms) = postSolution
		{433BAF46-0EAC-400E-A13F-6BE593B5A7EC}.Debug|Any CPU.ActiveCfg = Debug|Any CPU
		{433BAF46-0EAC-400E-A13F-6BE593B5A7EC}.Debug|Any CPU.Build.0 = Debug|Any CPU
		{433BAF46-0EAC-400E-A13F-6BE593B5A7EC}.Debug|x64.ActiveCfg = Debug|Any CPU
		{433BAF46-0EAC-400E-A13F-6BE593B5A7EC}.Debug|x64.Build.0 = Debug|Any CPU
		{433BAF46-0EAC-400E-A13F-6BE593B5A7EC}.Debug|x86.ActiveCfg = Debug|Any CPU
		{433BAF46-0EAC-400E-A13F-6BE593B5A7EC}.Debug|x86.Build.0 = Debug|Any CPU
		{433BAF46-0EAC-400E-A13F-6BE593B5A7EC}.Release|Any CPU.ActiveCfg = Release|Any CPU
		{433BAF46-0EAC-400E-A13F-6BE593B5A7EC}.Release|Any CPU.Build.0 = Release|Any CPU
		{433BAF46-0EAC-400E-A13F-6BE593B5A7EC}.Release|x64.ActiveCfg = Release|Any CPU
		{433BAF46-0EAC-400E-A13F-6BE593B5A7EC}.Release|x64.Build.0 = Release|Any CPU
		{433BAF46-0EAC-400E-A13F-6BE593B5A7EC}.Release|x86.ActiveCfg = Release|Any CPU
		{433BAF46-0EAC-400E-A13F-6BE593B5A7EC}.Release|x86.Build.0 = Release|Any CPU
		{CC92998F-2CD6-3DF7-B112-A0C55C184724}.Debug|Any CPU.ActiveCfg = Debug|Any CPU
		{CC92998F-2CD6-3DF7-B112-A0C55C184724}.Debug|Any CPU.Build.0 = Debug|Any CPU
		{CC92998F-2CD6-3DF7-B112-A0C55C184724}.Debug|x64.ActiveCfg = Debug|Any CPU
		{CC92998F-2CD6-3DF7-B112-A0C55C184724}.Debug|x64.Build.0 = Debug|Any CPU
		{CC92998F-2CD6-3DF7-B112-A0C55C184724}.Debug|x86.ActiveCfg = Debug|Any CPU
		{CC92998F-2CD6-3DF7-B112-A0C55C184724}.Debug|x86.Build.0 = Debug|Any CPU
		{CC92998F-2CD6-3DF7-B112-A0C55C184724}.Release|Any CPU.ActiveCfg = Release|Any CPU
		{CC92998F-2CD6-3DF7-B112-A0C55C184724}.Release|Any CPU.Build.0 = Release|Any CPU
		{CC92998F-2CD6-3DF7-B112-A0C55C184724}.Release|x64.ActiveCfg = Release|Any CPU
		{CC92998F-2CD6-3DF7-B112-A0C55C184724}.Release|x64.Build.0 = Release|Any CPU
		{CC92998F-2CD6-3DF7-B112-A0C55C184724}.Release|x86.ActiveCfg = Release|Any CPU
		{CC92998F-2CD6-3DF7-B112-A0C55C184724}.Release|x86.Build.0 = Release|Any CPU
		{7569731D-26EB-3F9A-0939-50D11962EC93}.Debug|Any CPU.ActiveCfg = Debug|Any CPU
		{7569731D-26EB-3F9A-0939-50D11962EC93}.Debug|Any CPU.Build.0 = Debug|Any CPU
		{7569731D-26EB-3F9A-0939-50D11962EC93}.Debug|x64.ActiveCfg = Debug|Any CPU
		{7569731D-26EB-3F9A-0939-50D11962EC93}.Debug|x64.Build.0 = Debug|Any CPU
		{7569731D-26EB-3F9A-0939-50D11962EC93}.Debug|x86.ActiveCfg = Debug|Any CPU
		{7569731D-26EB-3F9A-0939-50D11962EC93}.Debug|x86.Build.0 = Debug|Any CPU
		{7569731D-26EB-3F9A-0939-50D11962EC93}.Release|Any CPU.ActiveCfg = Release|Any CPU
		{7569731D-26EB-3F9A-0939-50D11962EC93}.Release|Any CPU.Build.0 = Release|Any CPU
		{7569731D-26EB-3F9A-0939-50D11962EC93}.Release|x64.ActiveCfg = Release|Any CPU
		{7569731D-26EB-3F9A-0939-50D11962EC93}.Release|x64.Build.0 = Release|Any CPU
		{7569731D-26EB-3F9A-0939-50D11962EC93}.Release|x86.ActiveCfg = Release|Any CPU
		{7569731D-26EB-3F9A-0939-50D11962EC93}.Release|x86.Build.0 = Release|Any CPU
		{14872307-EEC7-54FC-9FBA-A6D28F1E96E6}.Debug|Any CPU.ActiveCfg = Debug|Any CPU
		{14872307-EEC7-54FC-9FBA-A6D28F1E96E6}.Debug|Any CPU.Build.0 = Debug|Any CPU
		{14872307-EEC7-54FC-9FBA-A6D28F1E96E6}.Debug|x64.ActiveCfg = Debug|Any CPU
		{14872307-EEC7-54FC-9FBA-A6D28F1E96E6}.Debug|x64.Build.0 = Debug|Any CPU
		{14872307-EEC7-54FC-9FBA-A6D28F1E96E6}.Debug|x86.ActiveCfg = Debug|Any CPU
		{14872307-EEC7-54FC-9FBA-A6D28F1E96E6}.Debug|x86.Build.0 = Debug|Any CPU
		{14872307-EEC7-54FC-9FBA-A6D28F1E96E6}.Release|Any CPU.ActiveCfg = Release|Any CPU
		{14872307-EEC7-54FC-9FBA-A6D28F1E96E6}.Release|Any CPU.Build.0 = Release|Any CPU
		{14872307-EEC7-54FC-9FBA-A6D28F1E96E6}.Release|x64.ActiveCfg = Release|Any CPU
		{14872307-EEC7-54FC-9FBA-A6D28F1E96E6}.Release|x64.Build.0 = Release|Any CPU
		{14872307-EEC7-54FC-9FBA-A6D28F1E96E6}.Release|x86.ActiveCfg = Release|Any CPU
		{14872307-EEC7-54FC-9FBA-A6D28F1E96E6}.Release|x86.Build.0 = Release|Any CPU
		{9668522D-2F37-4D40-BCB9-9056B8CF9FC3}.Debug|Any CPU.ActiveCfg = Debug|Any CPU
		{9668522D-2F37-4D40-BCB9-9056B8CF9FC3}.Debug|Any CPU.Build.0 = Debug|Any CPU
		{9668522D-2F37-4D40-BCB9-9056B8CF9FC3}.Debug|x64.ActiveCfg = Debug|Any CPU
		{9668522D-2F37-4D40-BCB9-9056B8CF9FC3}.Debug|x64.Build.0 = Debug|Any CPU
		{9668522D-2F37-4D40-BCB9-9056B8CF9FC3}.Debug|x86.ActiveCfg = Debug|Any CPU
		{9668522D-2F37-4D40-BCB9-9056B8CF9FC3}.Debug|x86.Build.0 = Debug|Any CPU
		{9668522D-2F37-4D40-BCB9-9056B8CF9FC3}.Release|Any CPU.ActiveCfg = Release|Any CPU
		{9668522D-2F37-4D40-BCB9-9056B8CF9FC3}.Release|Any CPU.Build.0 = Release|Any CPU
		{9668522D-2F37-4D40-BCB9-9056B8CF9FC3}.Release|x64.ActiveCfg = Release|Any CPU
		{9668522D-2F37-4D40-BCB9-9056B8CF9FC3}.Release|x64.Build.0 = Release|Any CPU
		{9668522D-2F37-4D40-BCB9-9056B8CF9FC3}.Release|x86.ActiveCfg = Release|Any CPU
		{9668522D-2F37-4D40-BCB9-9056B8CF9FC3}.Release|x86.Build.0 = Release|Any CPU
	EndGlobalSection
	GlobalSection(SolutionProperties) = preSolution
		HideSolutionNode = FALSE
	EndGlobalSection
	GlobalSection(ExtensibilityGlobals) = postSolution
		SolutionGuid = {DC4FE1AA-A8B2-4DAF-B501-5661273A1283}
	EndGlobalSection
EndGlobal
