
Microsoft Visual Studio Solution File, Format Version 12.00
# Visual Studio Version 18
VisualStudioVersion = 18.0.11222.15
MinimumVisualStudioVersion = 10.0.40219.1
Project("{FAE04EC0-301F-11D3-BF4B-00C04F79EFBC}") = "KoolChanger.Core", "KoolChanger.Core\KoolChanger.Core.csproj", "{433BAF46-0EAC-400E-A13F-6BE593B5A7EC}"
	ProjectSection(ProjectDependencies) = postProject
		{661B8628-BEC8-C424-975E-F69EE2281947} = {661B8628-BEC8-C424-975E-F69EE2281947}
	EndProjectSection
EndProject
Project("{FAE04EC0-301F-11D3-BF4B-00C04F79EFBC}") = "KoolChanger.Backend", "KoolChanger.Backend\KoolChanger.Backend.csproj", "{CC92998F-2CD6-3DF7-B112-A0C55C184724}"
EndProject
Project("{FAE04EC0-301F-11D3-BF4B-00C04F79EFBC}") = "LCUSharp", "lcu-sharp\LCUSharp\LCUSharp.csproj", "{14872307-EEC7-54FC-9FBA-A6D28F1E96E6}"
EndProject
Project("{2150E333-8FDC-42A3-9474-1A3956D46DE8}") = "Элементы решения", "Элементы решения", "{754FC069-D67B-A9D7-50A1-8D1CA196D8F1}"
	ProjectSection(SolutionItems) = preProject
		README.md = README.md
	EndProjectSection
EndProject
Project("{FAE04EC0-301F-11D3-BF4B-00C04F79EFBC}") = "KoolChanger.Client", "KoolChanger.Client\KoolChanger.Client.csproj", "{9668522D-2F37-4D40-BCB9-9056B8CF9FC3}"
	ProjectSection(ProjectDependencies) = postProject
		{433BAF46-0EAC-400E-A13F-6BE593B5A7EC} = {433BAF46-0EAC-400E-A13F-6BE593B5A7EC}
	EndProjectSection
EndProject
Project("{8BC9CEB8-8B4A-11D0-8D11-00A0C91BC942}") = "KoolWrapper", "KoolWrapper\KoolWrapper.vcxproj", "{661B8628-BEC8-C424-975E-F69EE2281947}"
EndProject
Global
	GlobalSection(SolutionConfigurationPlatforms) = preSolution
		Debug|x64 = Debug|x64
		Release|x64 = Release|x64
	EndGlobalSection
	GlobalSection(ProjectConfigurationPlatforms) = postSolution
		{433BAF46-0EAC-400E-A13F-6BE593B5A7EC}.Debug|x64.ActiveCfg = Debug|x64
		{433BAF46-0EAC-400E-A13F-6BE593B5A7EC}.Debug|x64.Build.0 = Debug|x64
		{433BAF46-0EAC-400E-A13F-6BE593B5A7EC}.Release|x64.ActiveCfg = Release|x64
		{433BAF46-0EAC-400E-A13F-6BE593B5A7EC}.Release|x64.Build.0 = Release|x64
		{CC92998F-2CD6-3DF7-B112-A0C55C184724}.Debug|x64.ActiveCfg = Debug|x64
		{CC92998F-2CD6-3DF7-B112-A0C55C184724}.Debug|x64.Build.0 = Debug|x64
		{CC92998F-2CD6-3DF7-B112-A0C55C184724}.Release|x64.ActiveCfg = Release|x64
		{CC92998F-2CD6-3DF7-B112-A0C55C184724}.Release|x64.Build.0 = Release|x64
		{14872307-EEC7-54FC-9FBA-A6D28F1E96E6}.Debug|x64.ActiveCfg = Debug|x64
		{14872307-EEC7-54FC-9FBA-A6D28F1E96E6}.Debug|x64.Build.0 = Debug|x64
		{14872307-EEC7-54FC-9FBA-A6D28F1E96E6}.Release|x64.ActiveCfg = Release|x64
		{14872307-EEC7-54FC-9FBA-A6D28F1E96E6}.Release|x64.Build.0 = Release|x64
		{9668522D-2F37-4D40-BCB9-9056B8CF9FC3}.Debug|x64.ActiveCfg = Debug|x64
		{9668522D-2F37-4D40-BCB9-9056B8CF9FC3}.Debug|x64.Build.0 = Debug|x64
		{9668522D-2F37-4D40-BCB9-9056B8CF9FC3}.Release|x64.ActiveCfg = Release|x64
		{9668522D-2F37-4D40-BCB9-9056B8CF9FC3}.Release|x64.Build.0 = Release|x64
		{661B8628-BEC8-C424-975E-F69EE2281947}.Debug|x64.ActiveCfg = Debug|x64
		{661B8628-BEC8-C424-975E-F69EE2281947}.Debug|x64.Build.0 = Debug|x64
		{661B8628-BEC8-C424-975E-F69EE2281947}.Release|x64.ActiveCfg = Release|x64
		{661B8628-BEC8-C424-975E-F69EE2281947}.Release|x64.Build.0 = Release|x64
	EndGlobalSection
	GlobalSection(SolutionProperties) = preSolution
		HideSolutionNode = FALSE
	EndGlobalSection
	GlobalSection(ExtensibilityGlobals) = postSolution
		SolutionGuid = {DC4FE1AA-A8B2-4DAF-B501-5661273A1283}
	EndGlobalSection
EndGlobal
